
Microsoft Visual Studio Solution File, Format Version 12.00
# Visual Studio Version 16
VisualStudioVersion = 16.0.30611.23
MinimumVisualStudioVersion = 10.0.40219.1
Project("{FAE04EC0-301F-11D3-BF4B-00C04F79EFBC}") = "wpf_ImgView", "wpf_ImgView\wpf_ImgView.csproj", "{947831B3-50AE-4739-A6F3-B12F2577E3CC}"
EndProject
Global
	GlobalSection(SolutionConfigurationPlatforms) = preSolution
		Debug|Any CPU = Debug|Any CPU
		Release|Any CPU = Release|Any CPU
	EndGlobalSection
	GlobalSection(ProjectConfigurationPlatforms) = postSolution
		{947831B3-50AE-4739-A6F3-B12F2577E3CC}.Debug|Any CPU.ActiveCfg = Debug|Any CPU
		{947831B3-50AE-4739-A6F3-B12F2577E3CC}.Debug|Any CPU.Build.0 = Debug|Any CPU
		{947831B3-50AE-4739-A6F3-B12F2577E3CC}.Release|Any CPU.ActiveCfg = Release|Any CPU
		{947831B3-50AE-4739-A6F3-B12F2577E3CC}.Release|Any CPU.Build.0 = Release|Any CPU
	EndGlobalSection
	GlobalSection(SolutionProperties) = preSolution
		HideSolutionNode = FALSE
	EndGlobalSection
	GlobalSection(ExtensibilityGlobals) = postSolution
		SolutionGuid = {A45C04CF-1581-4476-821B-FE3D72084E39}
	EndGlobalSection
EndGlobal
