
Microsoft Visual Studio Solution File, Format Version 12.00
# Visual Studio Version 16
VisualStudioVersion = 16.0.30907.101
MinimumVisualStudioVersion = 10.0.40219.1
Project("{FAE04EC0-301F-11D3-BF4B-00C04F79EFBC}") = "LastProject", "LastProject\LastProject.csproj", "{9CCF1AF8-1A6D-4A2B-96D3-F75B321183B2}"
EndProject
Global
	GlobalSection(SolutionConfigurationPlatforms) = preSolution
		Debug|Any CPU = Debug|Any CPU
		Release|Any CPU = Release|Any CPU
	EndGlobalSection
	GlobalSection(ProjectConfigurationPlatforms) = postSolution
		{9CCF1AF8-1A6D-4A2B-96D3-F75B321183B2}.Debug|Any CPU.ActiveCfg = Debug|Any CPU
		{9CCF1AF8-1A6D-4A2B-96D3-F75B321183B2}.Debug|Any CPU.Build.0 = Debug|Any CPU
		{9CCF1AF8-1A6D-4A2B-96D3-F75B321183B2}.Release|Any CPU.ActiveCfg = Release|Any CPU
		{9CCF1AF8-1A6D-4A2B-96D3-F75B321183B2}.Release|Any CPU.Build.0 = Release|Any CPU
	EndGlobalSection
	GlobalSection(SolutionProperties) = preSolution
		HideSolutionNode = FALSE
	EndGlobalSection
	GlobalSection(ExtensibilityGlobals) = postSolution
		SolutionGuid = {8068711C-4976-47A2-B4F3-35F1AC30BC8F}
	EndGlobalSection
EndGlobal
